// !$*UTF8*$!
{
	archiveVersion = 1;
	classes = {
	};
	objectVersion = 56;
	objects = {

/* Begin PBXBuildFile section */
		45332C5329D4755000F151BF /* GameView.swift in Sources */ = {isa = PBXBuildFile; fileRef = 45332C5229D4755000F151BF /* GameView.swift */; };
		45332C5529D4757C00F151BF /* Extensions.swift in Sources */ = {isa = PBXBuildFile; fileRef = 45332C5429D4757C00F151BF /* Extensions.swift */; };
		4571220A29E6D704005D1930 /* TreeCollect2.mp3 in Resources */ = {isa = PBXBuildFile; fileRef = 4571220229E6D704005D1930 /* TreeCollect2.mp3 */; };
		4571220B29E6D704005D1930 /* GameOverAudio.mp3 in Resources */ = {isa = PBXBuildFile; fileRef = 4571220329E6D704005D1930 /* GameOverAudio.mp3 */; };
		4571220C29E6D704005D1930 /* HomeAudio.mp3 in Resources */ = {isa = PBXBuildFile; fileRef = 4571220429E6D704005D1930 /* HomeAudio.mp3 */; };
		4571220D29E6D704005D1930 /* GameAudio.mp3 in Resources */ = {isa = PBXBuildFile; fileRef = 4571220529E6D704005D1930 /* GameAudio.mp3 */; };
		4571220F29E6D704005D1930 /* PlayAudio.mp3 in Resources */ = {isa = PBXBuildFile; fileRef = 4571220729E6D704005D1930 /* PlayAudio.mp3 */; };
		4571221429E6F617005D1930 /* LostLife.mp3 in Resources */ = {isa = PBXBuildFile; fileRef = 4571221329E6F617005D1930 /* LostLife.mp3 */; };
		45E54A2E29DB0C2500875E28 /* GameModel.swift in Sources */ = {isa = PBXBuildFile; fileRef = 45E54A2D29DB0C2500875E28 /* GameModel.swift */; };
		4BD1B8CF29D4630C00E29A43 /* GameTreeApp.swift in Sources */ = {isa = PBXBuildFile; fileRef = 4BD1B8CE29D4630C00E29A43 /* GameTreeApp.swift */; };
		4BD1B8D129D4630C00E29A43 /* ContentView.swift in Sources */ = {isa = PBXBuildFile; fileRef = 4BD1B8D029D4630C00E29A43 /* ContentView.swift */; };
		4BD1B8D329D4630D00E29A43 /* Assets.xcassets in Resources */ = {isa = PBXBuildFile; fileRef = 4BD1B8D229D4630D00E29A43 /* Assets.xcassets */; };
		4BD1B8D729D4630D00E29A43 /* Preview Assets.xcassets in Resources */ = {isa = PBXBuildFile; fileRef = 4BD1B8D629D4630D00E29A43 /* Preview Assets.xcassets */; };
		4BD1B8E129D4630D00E29A43 /* GameTreeTests.swift in Sources */ = {isa = PBXBuildFile; fileRef = 4BD1B8E029D4630D00E29A43 /* GameTreeTests.swift */; };
		4BD1B8EB29D4630D00E29A43 /* GameTreeUITests.swift in Sources */ = {isa = PBXBuildFile; fileRef = 4BD1B8EA29D4630D00E29A43 /* GameTreeUITests.swift */; };
		4BD1B8ED29D4630D00E29A43 /* GameTreeUITestsLaunchTests.swift in Sources */ = {isa = PBXBuildFile; fileRef = 4BD1B8EC29D4630D00E29A43 /* GameTreeUITestsLaunchTests.swift */; };
		98C730CF29D49BE0002C3B1E /* GameScene.swift in Sources */ = {isa = PBXBuildFile; fileRef = 98C730CE29D49BE0002C3B1E /* GameScene.swift */; };
/* End PBXBuildFile section */

/* Begin PBXContainerItemProxy section */
		4BD1B8DD29D4630D00E29A43 /* PBXContainerItemProxy */ = {
			isa = PBXContainerItemProxy;
			containerPortal = 4BD1B8C329D4630C00E29A43 /* Project object */;
			proxyType = 1;
			remoteGlobalIDString = 4BD1B8CA29D4630C00E29A43;
			remoteInfo = GameTree;
		};
		4BD1B8E729D4630D00E29A43 /* PBXContainerItemProxy */ = {
			isa = PBXContainerItemProxy;
			containerPortal = 4BD1B8C329D4630C00E29A43 /* Project object */;
			proxyType = 1;
			remoteGlobalIDString = 4BD1B8CA29D4630C00E29A43;
			remoteInfo = GameTree;
		};
/* End PBXContainerItemProxy section */

/* Begin PBXFileReference section */
		45332C5229D4755000F151BF /* GameView.swift */ = {isa = PBXFileReference; lastKnownFileType = sourcecode.swift; path = GameView.swift; sourceTree = "<group>"; };
		45332C5429D4757C00F151BF /* Extensions.swift */ = {isa = PBXFileReference; lastKnownFileType = sourcecode.swift; path = Extensions.swift; sourceTree = "<group>"; };
		4571220229E6D704005D1930 /* TreeCollect2.mp3 */ = {isa = PBXFileReference; lastKnownFileType = audio.mp3; path = TreeCollect2.mp3; sourceTree = "<group>"; };
		4571220329E6D704005D1930 /* GameOverAudio.mp3 */ = {isa = PBXFileReference; lastKnownFileType = audio.mp3; path = GameOverAudio.mp3; sourceTree = "<group>"; };
		4571220429E6D704005D1930 /* HomeAudio.mp3 */ = {isa = PBXFileReference; lastKnownFileType = audio.mp3; path = HomeAudio.mp3; sourceTree = "<group>"; };
		4571220529E6D704005D1930 /* GameAudio.mp3 */ = {isa = PBXFileReference; lastKnownFileType = audio.mp3; path = GameAudio.mp3; sourceTree = "<group>"; };
		4571220729E6D704005D1930 /* PlayAudio.mp3 */ = {isa = PBXFileReference; lastKnownFileType = audio.mp3; path = PlayAudio.mp3; sourceTree = "<group>"; };
		4571221329E6F617005D1930 /* LostLife.mp3 */ = {isa = PBXFileReference; lastKnownFileType = audio.mp3; path = LostLife.mp3; sourceTree = "<group>"; };
		45E54A2D29DB0C2500875E28 /* GameModel.swift */ = {isa = PBXFileReference; lastKnownFileType = sourcecode.swift; path = GameModel.swift; sourceTree = "<group>"; };
		4BD1B8CB29D4630C00E29A43 /* GameTree.app */ = {isa = PBXFileReference; explicitFileType = wrapper.application; includeInIndex = 0; path = GameTree.app; sourceTree = BUILT_PRODUCTS_DIR; };
		4BD1B8CE29D4630C00E29A43 /* GameTreeApp.swift */ = {isa = PBXFileReference; lastKnownFileType = sourcecode.swift; path = GameTreeApp.swift; sourceTree = "<group>"; };
		4BD1B8D029D4630C00E29A43 /* ContentView.swift */ = {isa = PBXFileReference; lastKnownFileType = sourcecode.swift; path = ContentView.swift; sourceTree = "<group>"; };
		4BD1B8D229D4630D00E29A43 /* Assets.xcassets */ = {isa = PBXFileReference; lastKnownFileType = folder.assetcatalog; path = Assets.xcassets; sourceTree = "<group>"; };
		4BD1B8D429D4630D00E29A43 /* GameTree.entitlements */ = {isa = PBXFileReference; lastKnownFileType = text.plist.entitlements; path = GameTree.entitlements; sourceTree = "<group>"; };
		4BD1B8D629D4630D00E29A43 /* Preview Assets.xcassets */ = {isa = PBXFileReference; lastKnownFileType = folder.assetcatalog; path = "Preview Assets.xcassets"; sourceTree = "<group>"; };
		4BD1B8DC29D4630D00E29A43 /* GameTreeTests.xctest */ = {isa = PBXFileReference; explicitFileType = wrapper.cfbundle; includeInIndex = 0; path = GameTreeTests.xctest; sourceTree = BUILT_PRODUCTS_DIR; };
		4BD1B8E029D4630D00E29A43 /* GameTreeTests.swift */ = {isa = PBXFileReference; lastKnownFileType = sourcecode.swift; path = GameTreeTests.swift; sourceTree = "<group>"; };
		4BD1B8E629D4630D00E29A43 /* GameTreeUITests.xctest */ = {isa = PBXFileReference; explicitFileType = wrapper.cfbundle; includeInIndex = 0; path = GameTreeUITests.xctest; sourceTree = BUILT_PRODUCTS_DIR; };
		4BD1B8EA29D4630D00E29A43 /* GameTreeUITests.swift */ = {isa = PBXFileReference; lastKnownFileType = sourcecode.swift; path = GameTreeUITests.swift; sourceTree = "<group>"; };
		4BD1B8EC29D4630D00E29A43 /* GameTreeUITestsLaunchTests.swift */ = {isa = PBXFileReference; lastKnownFileType = sourcecode.swift; path = GameTreeUITestsLaunchTests.swift; sourceTree = "<group>"; };
		98C730CE29D49BE0002C3B1E /* GameScene.swift */ = {isa = PBXFileReference; lastKnownFileType = sourcecode.swift; path = GameScene.swift; sourceTree = "<group>"; };
/* End PBXFileReference section */

/* Begin PBXFrameworksBuildPhase section */
		4BD1B8C829D4630C00E29A43 /* Frameworks */ = {
			isa = PBXFrameworksBuildPhase;
			buildActionMask = 2147483647;
			files = (
			);
			runOnlyForDeploymentPostprocessing = 0;
		};
		4BD1B8D929D4630D00E29A43 /* Frameworks */ = {
			isa = PBXFrameworksBuildPhase;
			buildActionMask = 2147483647;
			files = (
			);
			runOnlyForDeploymentPostprocessing = 0;
		};
		4BD1B8E329D4630D00E29A43 /* Frameworks */ = {
			isa = PBXFrameworksBuildPhase;
			buildActionMask = 2147483647;
			files = (
			);
			runOnlyForDeploymentPostprocessing = 0;
		};
/* End PBXFrameworksBuildPhase section */

/* Begin PBXGroup section */
		457121FD29E6D6BA005D1930 /* Assets */ = {
			isa = PBXGroup;
			children = (
				4571221029E6D708005D1930 /* Sounds */,
				4BD1B8D229D4630D00E29A43 /* Assets.xcassets */,
			);
			path = Assets;
			sourceTree = "<group>";
		};
		457121FE29E6D6C2005D1930 /* GameView */ = {
			isa = PBXGroup;
			children = (
				45E54A2D29DB0C2500875E28 /* GameModel.swift */,
				98C730CE29D49BE0002C3B1E /* GameScene.swift */,
				45332C5229D4755000F151BF /* GameView.swift */,
				45332C5429D4757C00F151BF /* Extensions.swift */,
			);
			path = GameView;
			sourceTree = "<group>";
		};
		457121FF29E6D6E3005D1930 /* InitialView */ = {
			isa = PBXGroup;
			children = (
				4BD1B8D029D4630C00E29A43 /* ContentView.swift */,
			);
			path = InitialView;
			sourceTree = "<group>";
		};
		4571221029E6D708005D1930 /* Sounds */ = {
			isa = PBXGroup;
			children = (
				4571220529E6D704005D1930 /* GameAudio.mp3 */,
				4571220329E6D704005D1930 /* GameOverAudio.mp3 */,
				4571220429E6D704005D1930 /* HomeAudio.mp3 */,
				4571221329E6F617005D1930 /* LostLife.mp3 */,
				4571220729E6D704005D1930 /* PlayAudio.mp3 */,
				4571220229E6D704005D1930 /* TreeCollect2.mp3 */,
			);
			path = Sounds;
			sourceTree = "<group>";
		};
		45D4380429F6D3560062983D /* Controllers */ = {
			isa = PBXGroup;
			children = (
				4BD1B8CE29D4630C00E29A43 /* GameTreeApp.swift */,
			);
			path = Controllers;
			sourceTree = "<group>";
		};
		4BD1B8C229D4630C00E29A43 = {
			isa = PBXGroup;
			children = (
				4BD1B8CD29D4630C00E29A43 /* GameTree */,
				4BD1B8DF29D4630D00E29A43 /* GameTreeTests */,
				4BD1B8E929D4630D00E29A43 /* GameTreeUITests */,
				4BD1B8CC29D4630C00E29A43 /* Products */,
			);
			sourceTree = "<group>";
		};
		4BD1B8CC29D4630C00E29A43 /* Products */ = {
			isa = PBXGroup;
			children = (
				4BD1B8CB29D4630C00E29A43 /* GameTree.app */,
				4BD1B8DC29D4630D00E29A43 /* GameTreeTests.xctest */,
				4BD1B8E629D4630D00E29A43 /* GameTreeUITests.xctest */,
			);
			name = Products;
			sourceTree = "<group>";
		};
		4BD1B8CD29D4630C00E29A43 /* GameTree */ = {
			isa = PBXGroup;
			children = (
				45D4380429F6D3560062983D /* Controllers */,
				457121FF29E6D6E3005D1930 /* InitialView */,
				457121FE29E6D6C2005D1930 /* GameView */,
				457121FD29E6D6BA005D1930 /* Assets */,
				4BD1B8D429D4630D00E29A43 /* GameTree.entitlements */,
				4BD1B8D529D4630D00E29A43 /* Preview Content */,
			);
			path = GameTree;
			sourceTree = "<group>";
		};
		4BD1B8D529D4630D00E29A43 /* Preview Content */ = {
			isa = PBXGroup;
			children = (
				4BD1B8D629D4630D00E29A43 /* Preview Assets.xcassets */,
			);
			path = "Preview Content";
			sourceTree = "<group>";
		};
		4BD1B8DF29D4630D00E29A43 /* GameTreeTests */ = {
			isa = PBXGroup;
			children = (
				4BD1B8E029D4630D00E29A43 /* GameTreeTests.swift */,
			);
			path = GameTreeTests;
			sourceTree = "<group>";
		};
		4BD1B8E929D4630D00E29A43 /* GameTreeUITests */ = {
			isa = PBXGroup;
			children = (
				4BD1B8EA29D4630D00E29A43 /* GameTreeUITests.swift */,
				4BD1B8EC29D4630D00E29A43 /* GameTreeUITestsLaunchTests.swift */,
			);
			path = GameTreeUITests;
			sourceTree = "<group>";
		};
/* End PBXGroup section */

/* Begin PBXNativeTarget section */
		4BD1B8CA29D4630C00E29A43 /* GameTree */ = {
			isa = PBXNativeTarget;
			buildConfigurationList = 4BD1B8F029D4630D00E29A43 /* Build configuration list for PBXNativeTarget "GameTree" */;
			buildPhases = (
				4BD1B8C729D4630C00E29A43 /* Sources */,
				4BD1B8C829D4630C00E29A43 /* Frameworks */,
				4BD1B8C929D4630C00E29A43 /* Resources */,
				45332C5129D471E000F151BF /* ShellScript */,
			);
			buildRules = (
			);
			dependencies = (
			);
			name = GameTree;
			productName = GameTree;
			productReference = 4BD1B8CB29D4630C00E29A43 /* GameTree.app */;
			productType = "com.apple.product-type.application";
		};
		4BD1B8DB29D4630D00E29A43 /* GameTreeTests */ = {
			isa = PBXNativeTarget;
			buildConfigurationList = 4BD1B8F329D4630D00E29A43 /* Build configuration list for PBXNativeTarget "GameTreeTests" */;
			buildPhases = (
				4BD1B8D829D4630D00E29A43 /* Sources */,
				4BD1B8D929D4630D00E29A43 /* Frameworks */,
				4BD1B8DA29D4630D00E29A43 /* Resources */,
			);
			buildRules = (
			);
			dependencies = (
				4BD1B8DE29D4630D00E29A43 /* PBXTargetDependency */,
			);
			name = GameTreeTests;
			productName = GameTreeTests;
			productReference = 4BD1B8DC29D4630D00E29A43 /* GameTreeTests.xctest */;
			productType = "com.apple.product-type.bundle.unit-test";
		};
		4BD1B8E529D4630D00E29A43 /* GameTreeUITests */ = {
			isa = PBXNativeTarget;
			buildConfigurationList = 4BD1B8F629D4630D00E29A43 /* Build configuration list for PBXNativeTarget "GameTreeUITests" */;
			buildPhases = (
				4BD1B8E229D4630D00E29A43 /* Sources */,
				4BD1B8E329D4630D00E29A43 /* Frameworks */,
				4BD1B8E429D4630D00E29A43 /* Resources */,
			);
			buildRules = (
			);
			dependencies = (
				4BD1B8E829D4630D00E29A43 /* PBXTargetDependency */,
			);
			name = GameTreeUITests;
			productName = GameTreeUITests;
			productReference = 4BD1B8E629D4630D00E29A43 /* GameTreeUITests.xctest */;
			productType = "com.apple.product-type.bundle.ui-testing";
		};
/* End PBXNativeTarget section */

/* Begin PBXProject section */
		4BD1B8C329D4630C00E29A43 /* Project object */ = {
			isa = PBXProject;
			attributes = {
				BuildIndependentTargetsInParallel = 1;
				LastSwiftUpdateCheck = 1420;
				LastUpgradeCheck = 1430;
				TargetAttributes = {
					4BD1B8CA29D4630C00E29A43 = {
						CreatedOnToolsVersion = 14.2;
					};
					4BD1B8DB29D4630D00E29A43 = {
						CreatedOnToolsVersion = 14.2;
						TestTargetID = 4BD1B8CA29D4630C00E29A43;
					};
					4BD1B8E529D4630D00E29A43 = {
						CreatedOnToolsVersion = 14.2;
						TestTargetID = 4BD1B8CA29D4630C00E29A43;
					};
				};
			};
			buildConfigurationList = 4BD1B8C629D4630C00E29A43 /* Build configuration list for PBXProject "GameTree" */;
			compatibilityVersion = "Xcode 14.0";
			developmentRegion = en;
			hasScannedForEncodings = 0;
			knownRegions = (
				en,
				Base,
			);
			mainGroup = 4BD1B8C229D4630C00E29A43;
			productRefGroup = 4BD1B8CC29D4630C00E29A43 /* Products */;
			projectDirPath = "";
			projectRoot = "";
			targets = (
				4BD1B8CA29D4630C00E29A43 /* GameTree */,
				4BD1B8DB29D4630D00E29A43 /* GameTreeTests */,
				4BD1B8E529D4630D00E29A43 /* GameTreeUITests */,
			);
		};
/* End PBXProject section */

/* Begin PBXResourcesBuildPhase section */
		4BD1B8C929D4630C00E29A43 /* Resources */ = {
			isa = PBXResourcesBuildPhase;
			buildActionMask = 2147483647;
			files = (
				4BD1B8D729D4630D00E29A43 /* Preview Assets.xcassets in Resources */,
				4571220C29E6D704005D1930 /* HomeAudio.mp3 in Resources */,
				4571221429E6F617005D1930 /* LostLife.mp3 in Resources */,
				4571220B29E6D704005D1930 /* GameOverAudio.mp3 in Resources */,
				4571220A29E6D704005D1930 /* TreeCollect2.mp3 in Resources */,
				4571220F29E6D704005D1930 /* PlayAudio.mp3 in Resources */,
				4BD1B8D329D4630D00E29A43 /* Assets.xcassets in Resources */,
				4571220D29E6D704005D1930 /* GameAudio.mp3 in Resources */,
			);
			runOnlyForDeploymentPostprocessing = 0;
		};
		4BD1B8DA29D4630D00E29A43 /* Resources */ = {
			isa = PBXResourcesBuildPhase;
			buildActionMask = 2147483647;
			files = (
			);
			runOnlyForDeploymentPostprocessing = 0;
		};
		4BD1B8E429D4630D00E29A43 /* Resources */ = {
			isa = PBXResourcesBuildPhase;
			buildActionMask = 2147483647;
			files = (
			);
			runOnlyForDeploymentPostprocessing = 0;
		};
/* End PBXResourcesBuildPhase section */

/* Begin PBXShellScriptBuildPhase section */
		45332C5129D471E000F151BF /* ShellScript */ = {
			isa = PBXShellScriptBuildPhase;
			alwaysOutOfDate = 1;
			buildActionMask = 2147483647;
			files = (
			);
			inputFileListPaths = (
			);
			inputPaths = (
			);
			outputFileListPaths = (
			);
			outputPaths = (
			);
			runOnlyForDeploymentPostprocessing = 0;
			shellPath = /bin/sh;
			shellScript = "export PATH=\"$PATH:/opt/homebrew/bin\"\nif which swiftlint > /dev/null; then\n  swiftlint\nelse\n  echo \"warning: SwiftLint not installed, download from https://github.com/realm/SwiftLint\"\nfi\n";
		};
/* End PBXShellScriptBuildPhase section */

/* Begin PBXSourcesBuildPhase section */
		4BD1B8C729D4630C00E29A43 /* Sources */ = {
			isa = PBXSourcesBuildPhase;
			buildActionMask = 2147483647;
			files = (
				98C730CF29D49BE0002C3B1E /* GameScene.swift in Sources */,
				4BD1B8D129D4630C00E29A43 /* ContentView.swift in Sources */,
				45332C5329D4755000F151BF /* GameView.swift in Sources */,
				4BD1B8CF29D4630C00E29A43 /* GameTreeApp.swift in Sources */,
				45332C5529D4757C00F151BF /* Extensions.swift in Sources */,
				45E54A2E29DB0C2500875E28 /* GameModel.swift in Sources */,
			);
			runOnlyForDeploymentPostprocessing = 0;
		};
		4BD1B8D829D4630D00E29A43 /* Sources */ = {
			isa = PBXSourcesBuildPhase;
			buildActionMask = 2147483647;
			files = (
				4BD1B8E129D4630D00E29A43 /* GameTreeTests.swift in Sources */,
			);
			runOnlyForDeploymentPostprocessing = 0;
		};
		4BD1B8E229D4630D00E29A43 /* Sources */ = {
			isa = PBXSourcesBuildPhase;
			buildActionMask = 2147483647;
			files = (
				4BD1B8ED29D4630D00E29A43 /* GameTreeUITestsLaunchTests.swift in Sources */,
				4BD1B8EB29D4630D00E29A43 /* GameTreeUITests.swift in Sources */,
			);
			runOnlyForDeploymentPostprocessing = 0;
		};
/* End PBXSourcesBuildPhase section */

/* Begin PBXTargetDependency section */
		4BD1B8DE29D4630D00E29A43 /* PBXTargetDependency */ = {
			isa = PBXTargetDependency;
			target = 4BD1B8CA29D4630C00E29A43 /* GameTree */;
			targetProxy = 4BD1B8DD29D4630D00E29A43 /* PBXContainerItemProxy */;
		};
		4BD1B8E829D4630D00E29A43 /* PBXTargetDependency */ = {
			isa = PBXTargetDependency;
			target = 4BD1B8CA29D4630C00E29A43 /* GameTree */;
			targetProxy = 4BD1B8E729D4630D00E29A43 /* PBXContainerItemProxy */;
		};
/* End PBXTargetDependency section */

/* Begin XCBuildConfiguration section */
		4BD1B8EE29D4630D00E29A43 /* Debug */ = {
			isa = XCBuildConfiguration;
			buildSettings = {
				ALWAYS_SEARCH_USER_PATHS = NO;
				CLANG_ANALYZER_NONNULL = YES;
				CLANG_ANALYZER_NUMBER_OBJECT_CONVERSION = YES_AGGRESSIVE;
				CLANG_CXX_LANGUAGE_STANDARD = "gnu++20";
				CLANG_ENABLE_MODULES = YES;
				CLANG_ENABLE_OBJC_ARC = YES;
				CLANG_ENABLE_OBJC_WEAK = YES;
				CLANG_WARN_BLOCK_CAPTURE_AUTORELEASING = YES;
				CLANG_WARN_BOOL_CONVERSION = YES;
				CLANG_WARN_COMMA = YES;
				CLANG_WARN_CONSTANT_CONVERSION = YES;
				CLANG_WARN_DEPRECATED_OBJC_IMPLEMENTATIONS = YES;
				CLANG_WARN_DIRECT_OBJC_ISA_USAGE = YES_ERROR;
				CLANG_WARN_DOCUMENTATION_COMMENTS = YES;
				CLANG_WARN_EMPTY_BODY = YES;
				CLANG_WARN_ENUM_CONVERSION = YES;
				CLANG_WARN_INFINITE_RECURSION = YES;
				CLANG_WARN_INT_CONVERSION = YES;
				CLANG_WARN_NON_LITERAL_NULL_CONVERSION = YES;
				CLANG_WARN_OBJC_IMPLICIT_RETAIN_SELF = YES;
				CLANG_WARN_OBJC_LITERAL_CONVERSION = YES;
				CLANG_WARN_OBJC_ROOT_CLASS = YES_ERROR;
				CLANG_WARN_QUOTED_INCLUDE_IN_FRAMEWORK_HEADER = YES;
				CLANG_WARN_RANGE_LOOP_ANALYSIS = YES;
				CLANG_WARN_STRICT_PROTOTYPES = YES;
				CLANG_WARN_SUSPICIOUS_MOVE = YES;
				CLANG_WARN_UNGUARDED_AVAILABILITY = YES_AGGRESSIVE;
				CLANG_WARN_UNREACHABLE_CODE = YES;
				CLANG_WARN__DUPLICATE_METHOD_MATCH = YES;
				COPY_PHASE_STRIP = NO;
				DEAD_CODE_STRIPPING = YES;
				DEBUG_INFORMATION_FORMAT = dwarf;
				ENABLE_STRICT_OBJC_MSGSEND = YES;
				ENABLE_TESTABILITY = YES;
				GCC_C_LANGUAGE_STANDARD = gnu11;
				GCC_DYNAMIC_NO_PIC = NO;
				GCC_NO_COMMON_BLOCKS = YES;
				GCC_OPTIMIZATION_LEVEL = 0;
				GCC_PREPROCESSOR_DEFINITIONS = (
					"DEBUG=1",
					"$(inherited)",
				);
				GCC_WARN_64_TO_32_BIT_CONVERSION = YES;
				GCC_WARN_ABOUT_RETURN_TYPE = YES_ERROR;
				GCC_WARN_UNDECLARED_SELECTOR = YES;
				GCC_WARN_UNINITIALIZED_AUTOS = YES_AGGRESSIVE;
				GCC_WARN_UNUSED_FUNCTION = YES;
				GCC_WARN_UNUSED_VARIABLE = YES;
				MTL_ENABLE_DEBUG_INFO = INCLUDE_SOURCE;
				MTL_FAST_MATH = YES;
				ONLY_ACTIVE_ARCH = YES;
				SWIFT_ACTIVE_COMPILATION_CONDITIONS = DEBUG;
				SWIFT_OPTIMIZATION_LEVEL = "-Onone";
			};
			name = Debug;
		};
		4BD1B8EF29D4630D00E29A43 /* Release */ = {
			isa = XCBuildConfiguration;
			buildSettings = {
				ALWAYS_SEARCH_USER_PATHS = NO;
				CLANG_ANALYZER_NONNULL = YES;
				CLANG_ANALYZER_NUMBER_OBJECT_CONVERSION = YES_AGGRESSIVE;
				CLANG_CXX_LANGUAGE_STANDARD = "gnu++20";
				CLANG_ENABLE_MODULES = YES;
				CLANG_ENABLE_OBJC_ARC = YES;
				CLANG_ENABLE_OBJC_WEAK = YES;
				CLANG_WARN_BLOCK_CAPTURE_AUTORELEASING = YES;
				CLANG_WARN_BOOL_CONVERSION = YES;
				CLANG_WARN_COMMA = YES;
				CLANG_WARN_CONSTANT_CONVERSION = YES;
				CLANG_WARN_DEPRECATED_OBJC_IMPLEMENTATIONS = YES;
				CLANG_WARN_DIRECT_OBJC_ISA_USAGE = YES_ERROR;
				CLANG_WARN_DOCUMENTATION_COMMENTS = YES;
				CLANG_WARN_EMPTY_BODY = YES;
				CLANG_WARN_ENUM_CONVERSION = YES;
				CLANG_WARN_INFINITE_RECURSION = YES;
				CLANG_WARN_INT_CONVERSION = YES;
				CLANG_WARN_NON_LITERAL_NULL_CONVERSION = YES;
				CLANG_WARN_OBJC_IMPLICIT_RETAIN_SELF = YES;
				CLANG_WARN_OBJC_LITERAL_CONVERSION = YES;
				CLANG_WARN_OBJC_ROOT_CLASS = YES_ERROR;
				CLANG_WARN_QUOTED_INCLUDE_IN_FRAMEWORK_HEADER = YES;
				CLANG_WARN_RANGE_LOOP_ANALYSIS = YES;
				CLANG_WARN_STRICT_PROTOTYPES = YES;
				CLANG_WARN_SUSPICIOUS_MOVE = YES;
				CLANG_WARN_UNGUARDED_AVAILABILITY = YES_AGGRESSIVE;
				CLANG_WARN_UNREACHABLE_CODE = YES;
				CLANG_WARN__DUPLICATE_METHOD_MATCH = YES;
				COPY_PHASE_STRIP = NO;
				DEAD_CODE_STRIPPING = YES;
				DEBUG_INFORMATION_FORMAT = "dwarf-with-dsym";
				ENABLE_NS_ASSERTIONS = NO;
				ENABLE_STRICT_OBJC_MSGSEND = YES;
				GCC_C_LANGUAGE_STANDARD = gnu11;
				GCC_NO_COMMON_BLOCKS = YES;
				GCC_WARN_64_TO_32_BIT_CONVERSION = YES;
				GCC_WARN_ABOUT_RETURN_TYPE = YES_ERROR;
				GCC_WARN_UNDECLARED_SELECTOR = YES;
				GCC_WARN_UNINITIALIZED_AUTOS = YES_AGGRESSIVE;
				GCC_WARN_UNUSED_FUNCTION = YES;
				GCC_WARN_UNUSED_VARIABLE = YES;
				MTL_ENABLE_DEBUG_INFO = NO;
				MTL_FAST_MATH = YES;
				SWIFT_COMPILATION_MODE = wholemodule;
				SWIFT_OPTIMIZATION_LEVEL = "-O";
			};
			name = Release;
		};
		4BD1B8F129D4630D00E29A43 /* Debug */ = {
			isa = XCBuildConfiguration;
			buildSettings = {
				ASSETCATALOG_COMPILER_APPICON_NAME = AppIcon;
				ASSETCATALOG_COMPILER_GLOBAL_ACCENT_COLOR_NAME = AccentColor;
				CODE_SIGN_ENTITLEMENTS = GameTree/GameTree.entitlements;
				"CODE_SIGN_IDENTITY[sdk=macosx*]" = "-";
				CODE_SIGN_STYLE = Automatic;
				CURRENT_PROJECT_VERSION = 1;
				DEAD_CODE_STRIPPING = YES;
				DEVELOPMENT_ASSET_PATHS = "\"GameTree/Preview Content\"";
				DEVELOPMENT_TEAM = 826U5T47TW;
				ENABLE_HARDENED_RUNTIME = YES;
				ENABLE_PREVIEWS = YES;
				GENERATE_INFOPLIST_FILE = YES;
				"INFOPLIST_KEY_UIApplicationSceneManifest_Generation[sdk=iphoneos*]" = YES;
				"INFOPLIST_KEY_UIApplicationSceneManifest_Generation[sdk=iphonesimulator*]" = YES;
				"INFOPLIST_KEY_UIApplicationSupportsIndirectInputEvents[sdk=iphoneos*]" = YES;
				"INFOPLIST_KEY_UIApplicationSupportsIndirectInputEvents[sdk=iphonesimulator*]" = YES;
				"INFOPLIST_KEY_UILaunchScreen_Generation[sdk=iphoneos*]" = YES;
				"INFOPLIST_KEY_UILaunchScreen_Generation[sdk=iphonesimulator*]" = YES;
				"INFOPLIST_KEY_UIStatusBarStyle[sdk=iphoneos*]" = UIStatusBarStyleDefault;
				"INFOPLIST_KEY_UIStatusBarStyle[sdk=iphonesimulator*]" = UIStatusBarStyleDefault;
				INFOPLIST_KEY_UISupportedInterfaceOrientations_iPad = "UIInterfaceOrientationPortrait UIInterfaceOrientationPortraitUpsideDown UIInterfaceOrientationLandscapeLeft UIInterfaceOrientationLandscapeRight";
				INFOPLIST_KEY_UISupportedInterfaceOrientations_iPhone = "UIInterfaceOrientationPortrait UIInterfaceOrientationLandscapeLeft UIInterfaceOrientationLandscapeRight";
				IPHONEOS_DEPLOYMENT_TARGET = 16.2;
				LD_RUNPATH_SEARCH_PATHS = "@executable_path/Frameworks";
				"LD_RUNPATH_SEARCH_PATHS[sdk=macosx*]" = "@executable_path/../Frameworks";
				MACOSX_DEPLOYMENT_TARGET = 13.1;
				MARKETING_VERSION = 1.0;
				PRODUCT_BUNDLE_IDENTIFIER = br.com.stephanegirao.GameTree;
				PRODUCT_NAME = "$(TARGET_NAME)";
				SDKROOT = auto;
				SUPPORTED_PLATFORMS = "iphoneos iphonesimulator macosx";
				SWIFT_EMIT_LOC_STRINGS = YES;
				SWIFT_VERSION = 5.0;
				TARGETED_DEVICE_FAMILY = "1,2";
			};
			name = Debug;
		};
		4BD1B8F229D4630D00E29A43 /* Release */ = {
			isa = XCBuildConfiguration;
			buildSettings = {
				ASSETCATALOG_COMPILER_APPICON_NAME = AppIcon;
				ASSETCATALOG_COMPILER_GLOBAL_ACCENT_COLOR_NAME = AccentColor;
				CODE_SIGN_ENTITLEMENTS = GameTree/GameTree.entitlements;
				"CODE_SIGN_IDENTITY[sdk=macosx*]" = "-";
				CODE_SIGN_STYLE = Automatic;
				CURRENT_PROJECT_VERSION = 1;
				DEAD_CODE_STRIPPING = YES;
				DEVELOPMENT_ASSET_PATHS = "\"GameTree/Preview Content\"";
				DEVELOPMENT_TEAM = 826U5T47TW;
				ENABLE_HARDENED_RUNTIME = YES;
				ENABLE_PREVIEWS = YES;
				GENERATE_INFOPLIST_FILE = YES;
				"INFOPLIST_KEY_UIApplicationSceneManifest_Generation[sdk=iphoneos*]" = YES;
				"INFOPLIST_KEY_UIApplicationSceneManifest_Generation[sdk=iphonesimulator*]" = YES;
				"INFOPLIST_KEY_UIApplicationSupportsIndirectInputEvents[sdk=iphoneos*]" = YES;
				"INFOPLIST_KEY_UIApplicationSupportsIndirectInputEvents[sdk=iphonesimulator*]" = YES;
				"INFOPLIST_KEY_UILaunchScreen_Generation[sdk=iphoneos*]" = YES;
				"INFOPLIST_KEY_UILaunchScreen_Generation[sdk=iphonesimulator*]" = YES;
				"INFOPLIST_KEY_UIStatusBarStyle[sdk=iphoneos*]" = UIStatusBarStyleDefault;
				"INFOPLIST_KEY_UIStatusBarStyle[sdk=iphonesimulator*]" = UIStatusBarStyleDefault;
				INFOPLIST_KEY_UISupportedInterfaceOrientations_iPad = "UIInterfaceOrientationPortrait UIInterfaceOrientationPortraitUpsideDown UIInterfaceOrientationLandscapeLeft UIInterfaceOrientationLandscapeRight";
				INFOPLIST_KEY_UISupportedInterfaceOrientations_iPhone = "UIInterfaceOrientationPortrait UIInterfaceOrientationLandscapeLeft UIInterfaceOrientationLandscapeRight";
				IPHONEOS_DEPLOYMENT_TARGET = 16.2;
				LD_RUNPATH_SEARCH_PATHS = "@executable_path/Frameworks";
				"LD_RUNPATH_SEARCH_PATHS[sdk=macosx*]" = "@executable_path/../Frameworks";
				MACOSX_DEPLOYMENT_TARGET = 13.1;
				MARKETING_VERSION = 1.0;
				PRODUCT_BUNDLE_IDENTIFIER = br.com.stephanegirao.GameTree;
				PRODUCT_NAME = "$(TARGET_NAME)";
				SDKROOT = auto;
				SUPPORTED_PLATFORMS = "iphoneos iphonesimulator macosx";
				SWIFT_EMIT_LOC_STRINGS = YES;
				SWIFT_VERSION = 5.0;
				TARGETED_DEVICE_FAMILY = "1,2";
			};
			name = Release;
		};
		4BD1B8F429D4630D00E29A43 /* Debug */ = {
			isa = XCBuildConfiguration;
			buildSettings = {
				ALWAYS_EMBED_SWIFT_STANDARD_LIBRARIES = YES;
				BUNDLE_LOADER = "$(TEST_HOST)";
				CODE_SIGN_STYLE = Automatic;
				CURRENT_PROJECT_VERSION = 1;
				DEAD_CODE_STRIPPING = YES;
				DEVELOPMENT_TEAM = 826U5T47TW;
				GENERATE_INFOPLIST_FILE = YES;
				IPHONEOS_DEPLOYMENT_TARGET = 16.2;
				MACOSX_DEPLOYMENT_TARGET = 13.1;
				MARKETING_VERSION = 1.0;
				PRODUCT_BUNDLE_IDENTIFIER = br.com.stephanegirao.GameTreeTests;
				PRODUCT_NAME = "$(TARGET_NAME)";
				SDKROOT = auto;
				SUPPORTED_PLATFORMS = "iphoneos iphonesimulator macosx";
				SWIFT_EMIT_LOC_STRINGS = NO;
				SWIFT_VERSION = 5.0;
				TARGETED_DEVICE_FAMILY = "1,2";
				TEST_HOST = "$(BUILT_PRODUCTS_DIR)/GameTree.app/$(BUNDLE_EXECUTABLE_FOLDER_PATH)/GameTree";
			};
			name = Debug;
		};
		4BD1B8F529D4630D00E29A43 /* Release */ = {
			isa = XCBuildConfiguration;
			buildSettings = {
				ALWAYS_EMBED_SWIFT_STANDARD_LIBRARIES = YES;
				BUNDLE_LOADER = "$(TEST_HOST)";
				CODE_SIGN_STYLE = Automatic;
				CURRENT_PROJECT_VERSION = 1;
				DEAD_CODE_STRIPPING = YES;
				DEVELOPMENT_TEAM = 826U5T47TW;
				GENERATE_INFOPLIST_FILE = YES;
				IPHONEOS_DEPLOYMENT_TARGET = 16.2;
				MACOSX_DEPLOYMENT_TARGET = 13.1;
				MARKETING_VERSION = 1.0;
				PRODUCT_BUNDLE_IDENTIFIER = br.com.stephanegirao.GameTreeTests;
				PRODUCT_NAME = "$(TARGET_NAME)";
				SDKROOT = auto;
				SUPPORTED_PLATFORMS = "iphoneos iphonesimulator macosx";
				SWIFT_EMIT_LOC_STRINGS = NO;
				SWIFT_VERSION = 5.0;
				TARGETED_DEVICE_FAMILY = "1,2";
				TEST_HOST = "$(BUILT_PRODUCTS_DIR)/GameTree.app/$(BUNDLE_EXECUTABLE_FOLDER_PATH)/GameTree";
			};
			name = Release;
		};
		4BD1B8F729D4630D00E29A43 /* Debug */ = {
			isa = XCBuildConfiguration;
			buildSettings = {
				ALWAYS_EMBED_SWIFT_STANDARD_LIBRARIES = YES;
				CODE_SIGN_STYLE = Automatic;
				CURRENT_PROJECT_VERSION = 1;
				DEAD_CODE_STRIPPING = YES;
				DEVELOPMENT_TEAM = 826U5T47TW;
				GENERATE_INFOPLIST_FILE = YES;
				IPHONEOS_DEPLOYMENT_TARGET = 16.2;
				MACOSX_DEPLOYMENT_TARGET = 13.1;
				MARKETING_VERSION = 1.0;
				PRODUCT_BUNDLE_IDENTIFIER = br.com.stephanegirao.GameTreeUITests;
				PRODUCT_NAME = "$(TARGET_NAME)";
				SDKROOT = auto;
				SUPPORTED_PLATFORMS = "iphoneos iphonesimulator macosx";
				SWIFT_EMIT_LOC_STRINGS = NO;
				SWIFT_VERSION = 5.0;
				TARGETED_DEVICE_FAMILY = "1,2";
				TEST_TARGET_NAME = GameTree;
			};
			name = Debug;
		};
		4BD1B8F829D4630D00E29A43 /* Release */ = {
			isa = XCBuildConfiguration;
			buildSettings = {
				ALWAYS_EMBED_SWIFT_STANDARD_LIBRARIES = YES;
				CODE_SIGN_STYLE = Automatic;
				CURRENT_PROJECT_VERSION = 1;
				DEAD_CODE_STRIPPING = YES;
				DEVELOPMENT_TEAM = 826U5T47TW;
				GENERATE_INFOPLIST_FILE = YES;
				IPHONEOS_DEPLOYMENT_TARGET = 16.2;
				MACOSX_DEPLOYMENT_TARGET = 13.1;
				MARKETING_VERSION = 1.0;
				PRODUCT_BUNDLE_IDENTIFIER = br.com.stephanegirao.GameTreeUITests;
				PRODUCT_NAME = "$(TARGET_NAME)";
				SDKROOT = auto;
				SUPPORTED_PLATFORMS = "iphoneos iphonesimulator macosx";
				SWIFT_EMIT_LOC_STRINGS = NO;
				SWIFT_VERSION = 5.0;
				TARGETED_DEVICE_FAMILY = "1,2";
				TEST_TARGET_NAME = GameTree;
			};
			name = Release;
		};
/* End XCBuildConfiguration section */

/* Begin XCConfigurationList section */
		4BD1B8C629D4630C00E29A43 /* Build configuration list for PBXProject "GameTree" */ = {
			isa = XCConfigurationList;
			buildConfigurations = (
				4BD1B8EE29D4630D00E29A43 /* Debug */,
				4BD1B8EF29D4630D00E29A43 /* Release */,
			);
			defaultConfigurationIsVisible = 0;
			defaultConfigurationName = Release;
		};
		4BD1B8F029D4630D00E29A43 /* Build configuration list for PBXNativeTarget "GameTree" */ = {
			isa = XCConfigurationList;
			buildConfigurations = (
				4BD1B8F129D4630D00E29A43 /* Debug */,
				4BD1B8F229D4630D00E29A43 /* Release */,
			);
			defaultConfigurationIsVisible = 0;
			defaultConfigurationName = Release;
		};
		4BD1B8F329D4630D00E29A43 /* Build configuration list for PBXNativeTarget "GameTreeTests" */ = {
			isa = XCConfigurationList;
			buildConfigurations = (
				4BD1B8F429D4630D00E29A43 /* Debug */,
				4BD1B8F529D4630D00E29A43 /* Release */,
			);
			defaultConfigurationIsVisible = 0;
			defaultConfigurationName = Release;
		};
		4BD1B8F629D4630D00E29A43 /* Build configuration list for PBXNativeTarget "GameTreeUITests" */ = {
			isa = XCConfigurationList;
			buildConfigurations = (
				4BD1B8F729D4630D00E29A43 /* Debug */,
				4BD1B8F829D4630D00E29A43 /* Release */,
			);
			defaultConfigurationIsVisible = 0;
			defaultConfigurationName = Release;
		};
/* End XCConfigurationList section */
	};
	rootObject = 4BD1B8C329D4630C00E29A43 /* Project object */;
}
